{
  "name": "ticket_place_management",
  "version": "1.0.0",
  "lockfileVersion": 3,
  "requires": true,
  "packages": {
    "": {
      "name": "ticket_place_management",
      "version": "1.0.0",
      "license": "ISC",
      "dependencies": {
        "express-router": "^0.0.1",
        "uuid": "^11.1.0"
      },
      "devDependencies": {
        "prettier": "^1.19.1"
      }
    },
    "node_modules/express-router": {
      "version": "0.0.1",
      "resolved": "https://registry.npmjs.org/express-router/-/express-router-0.0.1.tgz",
      "integrity": "sha512-6d8DAAUkhihgVQAOqo3lef+B/c9Q42mxKtt6O92fPmHotnv2TQvNClM+bUtTzX8q+V1v5YDyfFdZYTi3lMK/Vg==",
      "license": "MIT",
      "engines": {
        "node": "*"
      }
    },
    "node_modules/prettier": {
      "version": "1.19.1",
      "resolved": "https://registry.npmjs.org/prettier/-/prettier-1.19.1.tgz",
      "integrity": "sha512-s7PoyDv/II1ObgQunCbB9PdLmUcBZcnWOcxDh7O0N/UwDEsHyqkW+Qh28jW+mVuCdx7gLB0BotYI1Y6uI9iyew==",
      "dev": true,
      "license": "MIT",
      "bin": {
        "prettier": "bin-prettier.js"
      },
      "engines": {
        "node": ">=4"
      }
    },
    "node_modules/uuid": {
      "version": "11.1.0",
      "resolved": "https://registry.npmjs.org/uuid/-/uuid-11.1.0.tgz",
      "integrity": "sha512-0/A9rDy9P7cJ+8w1c9WD9V//9Wj15Ce2MPz8Ri6032usz+NfePxx5AcN3bN+r6ZL6jEo066/yNYB3tn4pQEx+A==",
      "funding": [
        "https://github.com/sponsors/broofa",
        "https://github.com/sponsors/ctavan"
      ],
      "license": "MIT",
      "bin": {
        "uuid": "dist/esm/bin/uuid"
      }
    }
  }
}
